attrs==24.2.0 \
    --hash=sha256:451622f3002a24ec05b3806a6b5797f26d2e67df4a56a5c7866168019ab7fb2a \
    --hash=sha256:81921eb96de1ab7157520c10755345e9f78d68d043d660da6e30a57e78780218
certifi==2024.8.30 \
    --hash=sha256:922820b53db7a44d1462fa38b43dde6f53fe929b14b8a29b47e5b51b32961d56 \
    --hash=sha256:4161a0b3a323a63750a98fec3b55c65b6f3c155d8f076c8e31ee14cd3b772653
charset-normalizer==3.3.2 \
    --hash=sha256:bf85a92943e8585493e399c91b73032d4b1594916a803043618a88bd303eee2c \
    --hash=sha256:cb900ebefe539d60fa707aeb40163f15f41646f80013e2c26291a71374167aa0
idna==3.10 \
    --hash=sha256:946d195a0d259cbba61165e88e65941f16e9b8cc32987f378ab6a527732e7121 \
    --hash=sha256:12f6521063169c1bb91142b467dd8f57f4ce2e49c7161b6c8b80e884962454a2
iniconfig==2.0.0 \
    --hash=sha256:b84581c2ba933261e1d63dd29444f47623d622eb6176f5acd504c3bee3372690 \
    --hash=sha256:2d91e135bf72abbab6d4d61229a30f34640ae3ab29c4eb83a7260c0429fdd445
jsonschema==4.23.0 \
    --hash=sha256:f526363d686f03d52c2ed1e57a3e7dfae4cfa88a8d1678aeebf91b7bc92e6a39 \
    --hash=sha256:399f993d052d9a6c6e7a2bfaeeefaa83b7f8e37bb0b5f10667d4f933f7c46927
jsonschema-specifications==2023.12.1 \
    --hash=sha256:48a767449e30b3ab1a9415664d427214d95468d252e9b2478b32338692cb374f \
    --hash=sha256:a140f0c0ae165384196c3426e2e2a106dd18c50c0cf92f98bd4f31c2ffaa6338
packaging==24.1 \
    --hash=sha256:5b8f2217dbdbd2f7f384c41c628544e6d52f6417fa84da3a31a44814fae09c9f \
    --hash=sha256:026ed72c8ea3fc9382551a39d85408d45ef9d41611c068477d6d5067265b32e4
pluggy==1.5.0 \
    --hash=sha256:44e1ad92c80000d6ebfe40339665378c5c74342792c6e2da031808381da3a033 \
    --hash=sha256:8f48af64cd0d9753fe45d5ec4ccb00373e52d3b12b663740e6cf04e500e8841c
pytest==8.3.3 \
    --hash=sha256:4c2a95c8623cf106b12f841445bf7b2c943ef25db11452fd073dd57ea7834164 \
    --hash=sha256:d8c0b621dbde5076cfdb230b42f9b84177db8b7cf7a845ea01ea319a272e2930
referencing==0.35.1 \
    --hash=sha256:f23d1dccab638611e143b40b494d634ea4e70e7a2cb1e3ec30cf820df38a1a36 \
    --hash=sha256:7b42b6a5b678f24419b49fa403ea4279ab84fef94c92cb634731ed592be5a435
requests==2.32.3 \
    --hash=sha256:70761cfe03c773ceb22aa2f601b36d642d185a00d64112d3a52c3075444a4c80 \
    --hash=sha256:55365417734eb18255590a9ff9eb97bbce510f959defd8e537843d39b4d8ae62
rpds-py==0.20.0 \
    --hash=sha256:88eb7e9742a78ae32ee8e44f849cf0b3967d6a5c13e5db701ef763138b725c86 \
    --hash=sha256:2944b581e19d7b42d3c907a7eb60c18408be7e57c66cb1e8b4e76d33306eb862
urllib3==2.2.3 \
    --hash=sha256:a3429321ec6e0ea79339e3381a17937397b9131a31d9990b7a8a927a4d531a74 \
    --hash=sha256:e7d814a81cad70142281882332db95cece6e1e982ce188b64ad324412fcefe6e
